
Microsoft Visual Studio Solution File, Format Version 12.00
# Visual Studio Version 16
VisualStudioVersion = 16.0.810.14
MinimumVisualStudioVersion = 10.0.40219.1
Project("{FAE04EC0-301F-11D3-BF4B-00C04F79EFBC}") = "ModuleToDoc", "ModuleToDoc.csproj", "{DCCCBB94-214B-40E0-B074-C55BF7F12A71}"
EndProject
Project("{FAE04EC0-301F-11D3-BF4B-00C04F79EFBC}") = "DXPlus", "..\..\src\DXPlus.csproj", "{D658C99D-9589-48E2-836D-5D66632A0D87}"
EndProject
Global
	GlobalSection(SolutionConfigurationPlatforms) = preSolution
		Debug|Any CPU = Debug|Any CPU
		Release|Any CPU = Release|Any CPU
	EndGlobalSection
	GlobalSection(ProjectConfigurationPlatforms) = postSolution
		{DCCCBB94-214B-40E0-B074-C55BF7F12A71}.Debug|Any CPU.ActiveCfg = Debug|Any CPU
		{DCCCBB94-214B-40E0-B074-C55BF7F12A71}.Debug|Any CPU.Build.0 = Debug|Any CPU
		{DCCCBB94-214B-40E0-B074-C55BF7F12A71}.Release|Any CPU.ActiveCfg = Release|Any CPU
		{DCCCBB94-214B-40E0-B074-C55BF7F12A71}.Release|Any CPU.Build.0 = Release|Any CPU
		{D658C99D-9589-48E2-836D-5D66632A0D87}.Debug|Any CPU.ActiveCfg = Debug|Any CPU
		{D658C99D-9589-48E2-836D-5D66632A0D87}.Debug|Any CPU.Build.0 = Debug|Any CPU
		{D658C99D-9589-48E2-836D-5D66632A0D87}.Release|Any CPU.ActiveCfg = Release|Any CPU
		{D658C99D-9589-48E2-836D-5D66632A0D87}.Release|Any CPU.Build.0 = Release|Any CPU
	EndGlobalSection
	GlobalSection(SolutionProperties) = preSolution
		HideSolutionNode = FALSE
	EndGlobalSection
	GlobalSection(ExtensibilityGlobals) = postSolution
		SolutionGuid = {8E8E5FC8-9F61-4D83-A2A9-DD0A21153626}
	EndGlobalSection
EndGlobal
