
Microsoft Visual Studio Solution File, Format Version 12.00
# Visual Studio 15
Project("{FAE04EC0-301F-11D3-BF4B-00C04F79EFBC}") = "DXPlus", "src\DXPlus.csproj", "{C78A211F-E82E-45B3-A72F-D663718F347D}"
EndProject
Project("{FAE04EC0-301F-11D3-BF4B-00C04F79EFBC}") = "TestDXPlus", "test\TestDXPlus.csproj", "{8CADE0BB-6AC1-46E2-824A-0CB930D27138}"
EndProject
Global
	GlobalSection(SolutionConfigurationPlatforms) = preSolution
		Debug|Any CPU = Debug|Any CPU
		Release|Any CPU = Release|Any CPU
	EndGlobalSection
	GlobalSection(ProjectConfigurationPlatforms) = postSolution
		{C78A211F-E82E-45B3-A72F-D663718F347D}.Debug|Any CPU.ActiveCfg = Debug|Any CPU
		{C78A211F-E82E-45B3-A72F-D663718F347D}.Debug|Any CPU.Build.0 = Debug|Any CPU
		{C78A211F-E82E-45B3-A72F-D663718F347D}.Release|Any CPU.ActiveCfg = Release|Any CPU
		{C78A211F-E82E-45B3-A72F-D663718F347D}.Release|Any CPU.Build.0 = Release|Any CPU
		{8CADE0BB-6AC1-46E2-824A-0CB930D27138}.Debug|Any CPU.ActiveCfg = Debug|Any CPU
		{8CADE0BB-6AC1-46E2-824A-0CB930D27138}.Debug|Any CPU.Build.0 = Debug|Any CPU
		{8CADE0BB-6AC1-46E2-824A-0CB930D27138}.Release|Any CPU.ActiveCfg = Release|Any CPU
		{8CADE0BB-6AC1-46E2-824A-0CB930D27138}.Release|Any CPU.Build.0 = Release|Any CPU
	EndGlobalSection
EndGlobal
